
Microsoft Visual Studio Solution File, Format Version 12.00
# Visual Studio Version 17
VisualStudioVersion = 17.9.34714.143
MinimumVisualStudioVersion = 10.0.40219.1
Project("{2150E333-8FDC-42A3-9474-1A3956D46DE8}") = "Solution Items", "Solution Items", "{E84B28BC-8FC5-4D16-917E-4733DA520162}"
EndProject
Project("{9A19103F-16F7-4668-BE54-9A1E7A4F7556}") = "RobotComponents", "RobotComponents\RobotComponents.csproj", "{198B1A7A-00B4-4A76-BA88-A683ADAB67CE}"
EndProject
Project("{9A19103F-16F7-4668-BE54-9A1E7A4F7556}") = "RobotComponents.ABB", "RobotComponents.ABB\RobotComponents.ABB.csproj", "{C3342A51-1E60-4875-8EB3-A602475F4EED}"
EndProject
Project("{9A19103F-16F7-4668-BE54-9A1E7A4F7556}") = "RobotComponents.ABB.Presets", "RobotComponents.ABB.Presets\RobotComponents.ABB.Presets.csproj", "{D12969BE-5526-437D-9811-ECEFB1EC7300}"
EndProject
Project("{9A19103F-16F7-4668-BE54-9A1E7A4F7556}") = "RobotComponents.ABB.Gh.Goos", "RobotComponents.ABB.Gh.Goos\RobotComponents.ABB.Gh.Goos.csproj", "{35AC0D30-1901-4670-9295-D29E817EAFB2}"
EndProject
Project("{9A19103F-16F7-4668-BE54-9A1E7A4F7556}") = "RobotComponents.ABB.Controllers", "RobotComponents.ABB.Controllers\RobotComponents.ABB.Controllers.csproj", "{A09F7AED-F8CD-47A5-8771-FBD9C920071A}"
EndProject
Project("{9A19103F-16F7-4668-BE54-9A1E7A4F7556}") = "RobotComponents.ABB.Gh", "RobotComponents.ABB.Gh\RobotComponents.ABB.Gh.csproj", "{5BB17F5A-F2F8-418F-BF77-36B7BBE835DD}"
EndProject
Project("{9A19103F-16F7-4668-BE54-9A1E7A4F7556}") = "RobotComponents.ABB.Gh2", "RobotComponents.ABB.Gh2\RobotComponents.ABB.Gh2.csproj", "{BB30870D-677C-4DFF-B0C4-4B5B47E207A1}"
EndProject
Global
	GlobalSection(SolutionConfigurationPlatforms) = preSolution
		Debug|Any CPU = Debug|Any CPU
		Release|Any CPU = Release|Any CPU
	EndGlobalSection
	GlobalSection(ProjectConfigurationPlatforms) = postSolution
		{198B1A7A-00B4-4A76-BA88-A683ADAB67CE}.Debug|Any CPU.ActiveCfg = Debug|Any CPU
		{198B1A7A-00B4-4A76-BA88-A683ADAB67CE}.Debug|Any CPU.Build.0 = Debug|Any CPU
		{198B1A7A-00B4-4A76-BA88-A683ADAB67CE}.Release|Any CPU.ActiveCfg = Release|Any CPU
		{198B1A7A-00B4-4A76-BA88-A683ADAB67CE}.Release|Any CPU.Build.0 = Release|Any CPU
		{C3342A51-1E60-4875-8EB3-A602475F4EED}.Debug|Any CPU.ActiveCfg = Debug|Any CPU
		{C3342A51-1E60-4875-8EB3-A602475F4EED}.Debug|Any CPU.Build.0 = Debug|Any CPU
		{C3342A51-1E60-4875-8EB3-A602475F4EED}.Release|Any CPU.ActiveCfg = Release|Any CPU
		{C3342A51-1E60-4875-8EB3-A602475F4EED}.Release|Any CPU.Build.0 = Release|Any CPU
		{D12969BE-5526-437D-9811-ECEFB1EC7300}.Debug|Any CPU.ActiveCfg = Debug|Any CPU
		{D12969BE-5526-437D-9811-ECEFB1EC7300}.Debug|Any CPU.Build.0 = Debug|Any CPU
		{D12969BE-5526-437D-9811-ECEFB1EC7300}.Release|Any CPU.ActiveCfg = Release|Any CPU
		{D12969BE-5526-437D-9811-ECEFB1EC7300}.Release|Any CPU.Build.0 = Release|Any CPU
		{35AC0D30-1901-4670-9295-D29E817EAFB2}.Debug|Any CPU.ActiveCfg = Debug|Any CPU
		{35AC0D30-1901-4670-9295-D29E817EAFB2}.Debug|Any CPU.Build.0 = Debug|Any CPU
		{35AC0D30-1901-4670-9295-D29E817EAFB2}.Release|Any CPU.ActiveCfg = Release|Any CPU
		{35AC0D30-1901-4670-9295-D29E817EAFB2}.Release|Any CPU.Build.0 = Release|Any CPU
		{A09F7AED-F8CD-47A5-8771-FBD9C920071A}.Debug|Any CPU.ActiveCfg = Debug|Any CPU
		{A09F7AED-F8CD-47A5-8771-FBD9C920071A}.Debug|Any CPU.Build.0 = Debug|Any CPU
		{A09F7AED-F8CD-47A5-8771-FBD9C920071A}.Release|Any CPU.ActiveCfg = Release|Any CPU
		{A09F7AED-F8CD-47A5-8771-FBD9C920071A}.Release|Any CPU.Build.0 = Release|Any CPU
		{5BB17F5A-F2F8-418F-BF77-36B7BBE835DD}.Debug|Any CPU.ActiveCfg = Debug|Any CPU
		{5BB17F5A-F2F8-418F-BF77-36B7BBE835DD}.Debug|Any CPU.Build.0 = Debug|Any CPU
		{5BB17F5A-F2F8-418F-BF77-36B7BBE835DD}.Release|Any CPU.ActiveCfg = Release|Any CPU
		{5BB17F5A-F2F8-418F-BF77-36B7BBE835DD}.Release|Any CPU.Build.0 = Release|Any CPU
		{BB30870D-677C-4DFF-B0C4-4B5B47E207A1}.Debug|Any CPU.ActiveCfg = Debug|Any CPU
		{BB30870D-677C-4DFF-B0C4-4B5B47E207A1}.Debug|Any CPU.Build.0 = Debug|Any CPU
		{BB30870D-677C-4DFF-B0C4-4B5B47E207A1}.Release|Any CPU.ActiveCfg = Release|Any CPU
		{BB30870D-677C-4DFF-B0C4-4B5B47E207A1}.Release|Any CPU.Build.0 = Release|Any CPU
	EndGlobalSection
	GlobalSection(SolutionProperties) = preSolution
		HideSolutionNode = FALSE
	EndGlobalSection
	GlobalSection(ExtensibilityGlobals) = postSolution
		SolutionGuid = {E19442A4-E1B7-4B79-B8F5-9A8A2151AB15}
	EndGlobalSection
EndGlobal
