
Microsoft Visual Studio Solution File, Format Version 12.00
# Visual Studio Version 16
VisualStudioVersion = 16.0.29613.14
MinimumVisualStudioVersion = 10.0.40219.1
Project("{FAE04EC0-301F-11D3-BF4B-00C04F79EFBC}") = "RobotComponents", "RobotComponents\RobotComponents.csproj", "{496BA2CE-D067-42B3-BD7F-D1BB429A4987}"
EndProject
Project("{2150E333-8FDC-42A3-9474-1A3956D46DE8}") = "Solution Items", "Solution Items", "{E84B28BC-8FC5-4D16-917E-4733DA520162}"
EndProject
Project("{FAE04EC0-301F-11D3-BF4B-00C04F79EFBC}") = "RobotComponents.Gh", "RobotComponents.Gh\RobotComponents.Gh.csproj", "{2F1A80CD-231A-4479-82BC-3B1A1382A7AD}"
EndProject
Project("{FAE04EC0-301F-11D3-BF4B-00C04F79EFBC}") = "RobotComponents.Gh.Goos", "RobotComponents.Gh.Goos\RobotComponents.Gh.Goos.csproj", "{4853E4FA-0246-486C-9F1A-0620896690C3}"
EndProject
Project("{FAE04EC0-301F-11D3-BF4B-00C04F79EFBC}") = "RobotComponents.ABB.Controllers", "RobotComponents.ABB.Controllers\RobotComponents.ABB.Controllers.csproj", "{4D8169CC-20CF-4597-B304-331EED09278B}"
EndProject
Global
	GlobalSection(SolutionConfigurationPlatforms) = preSolution
		Debug|Any CPU = Debug|Any CPU
		Debug32|Any CPU = Debug32|Any CPU
		Debug64|Any CPU = Debug64|Any CPU
		Release|Any CPU = Release|Any CPU
		Release64|Any CPU = Release64|Any CPU
	EndGlobalSection
	GlobalSection(ProjectConfigurationPlatforms) = postSolution
		{496BA2CE-D067-42B3-BD7F-D1BB429A4987}.Debug|Any CPU.ActiveCfg = Debug64|Any CPU
		{496BA2CE-D067-42B3-BD7F-D1BB429A4987}.Debug|Any CPU.Build.0 = Debug64|Any CPU
		{496BA2CE-D067-42B3-BD7F-D1BB429A4987}.Debug32|Any CPU.ActiveCfg = Debug32|Any CPU
		{496BA2CE-D067-42B3-BD7F-D1BB429A4987}.Debug32|Any CPU.Build.0 = Debug32|Any CPU
		{496BA2CE-D067-42B3-BD7F-D1BB429A4987}.Debug64|Any CPU.ActiveCfg = Debug64|Any CPU
		{496BA2CE-D067-42B3-BD7F-D1BB429A4987}.Debug64|Any CPU.Build.0 = Debug64|Any CPU
		{496BA2CE-D067-42B3-BD7F-D1BB429A4987}.Release|Any CPU.ActiveCfg = Release|Any CPU
		{496BA2CE-D067-42B3-BD7F-D1BB429A4987}.Release|Any CPU.Build.0 = Release|Any CPU
		{496BA2CE-D067-42B3-BD7F-D1BB429A4987}.Release64|Any CPU.ActiveCfg = Release|Any CPU
		{496BA2CE-D067-42B3-BD7F-D1BB429A4987}.Release64|Any CPU.Build.0 = Release|Any CPU
		{2F1A80CD-231A-4479-82BC-3B1A1382A7AD}.Debug|Any CPU.ActiveCfg = Debug|Any CPU
		{2F1A80CD-231A-4479-82BC-3B1A1382A7AD}.Debug|Any CPU.Build.0 = Debug|Any CPU
		{2F1A80CD-231A-4479-82BC-3B1A1382A7AD}.Debug32|Any CPU.ActiveCfg = Debug|Any CPU
		{2F1A80CD-231A-4479-82BC-3B1A1382A7AD}.Debug32|Any CPU.Build.0 = Debug|Any CPU
		{2F1A80CD-231A-4479-82BC-3B1A1382A7AD}.Debug64|Any CPU.ActiveCfg = Debug|Any CPU
		{2F1A80CD-231A-4479-82BC-3B1A1382A7AD}.Debug64|Any CPU.Build.0 = Debug|Any CPU
		{2F1A80CD-231A-4479-82BC-3B1A1382A7AD}.Release|Any CPU.ActiveCfg = Release|Any CPU
		{2F1A80CD-231A-4479-82BC-3B1A1382A7AD}.Release|Any CPU.Build.0 = Release|Any CPU
		{2F1A80CD-231A-4479-82BC-3B1A1382A7AD}.Release64|Any CPU.ActiveCfg = Release|Any CPU
		{2F1A80CD-231A-4479-82BC-3B1A1382A7AD}.Release64|Any CPU.Build.0 = Release|Any CPU
		{4853E4FA-0246-486C-9F1A-0620896690C3}.Debug|Any CPU.ActiveCfg = Debug|Any CPU
		{4853E4FA-0246-486C-9F1A-0620896690C3}.Debug|Any CPU.Build.0 = Debug|Any CPU
		{4853E4FA-0246-486C-9F1A-0620896690C3}.Debug32|Any CPU.ActiveCfg = Debug|Any CPU
		{4853E4FA-0246-486C-9F1A-0620896690C3}.Debug32|Any CPU.Build.0 = Debug|Any CPU
		{4853E4FA-0246-486C-9F1A-0620896690C3}.Debug64|Any CPU.ActiveCfg = Debug|Any CPU
		{4853E4FA-0246-486C-9F1A-0620896690C3}.Debug64|Any CPU.Build.0 = Debug|Any CPU
		{4853E4FA-0246-486C-9F1A-0620896690C3}.Release|Any CPU.ActiveCfg = Release|Any CPU
		{4853E4FA-0246-486C-9F1A-0620896690C3}.Release|Any CPU.Build.0 = Release|Any CPU
		{4853E4FA-0246-486C-9F1A-0620896690C3}.Release64|Any CPU.ActiveCfg = Release|Any CPU
		{4853E4FA-0246-486C-9F1A-0620896690C3}.Release64|Any CPU.Build.0 = Release|Any CPU
		{4D8169CC-20CF-4597-B304-331EED09278B}.Debug|Any CPU.ActiveCfg = Debug|Any CPU
		{4D8169CC-20CF-4597-B304-331EED09278B}.Debug|Any CPU.Build.0 = Debug|Any CPU
		{4D8169CC-20CF-4597-B304-331EED09278B}.Debug32|Any CPU.ActiveCfg = Debug|Any CPU
		{4D8169CC-20CF-4597-B304-331EED09278B}.Debug32|Any CPU.Build.0 = Debug|Any CPU
		{4D8169CC-20CF-4597-B304-331EED09278B}.Debug64|Any CPU.ActiveCfg = Debug|Any CPU
		{4D8169CC-20CF-4597-B304-331EED09278B}.Debug64|Any CPU.Build.0 = Debug|Any CPU
		{4D8169CC-20CF-4597-B304-331EED09278B}.Release|Any CPU.ActiveCfg = Release|Any CPU
		{4D8169CC-20CF-4597-B304-331EED09278B}.Release|Any CPU.Build.0 = Release|Any CPU
		{4D8169CC-20CF-4597-B304-331EED09278B}.Release64|Any CPU.ActiveCfg = Release|Any CPU
		{4D8169CC-20CF-4597-B304-331EED09278B}.Release64|Any CPU.Build.0 = Release|Any CPU
	EndGlobalSection
	GlobalSection(SolutionProperties) = preSolution
		HideSolutionNode = FALSE
	EndGlobalSection
	GlobalSection(ExtensibilityGlobals) = postSolution
		SolutionGuid = {E19442A4-E1B7-4B79-B8F5-9A8A2151AB15}
	EndGlobalSection
EndGlobal
